// !$*UTF8*$!
{
	archiveVersion = 1;
	classes = {
	};
	objectVersion = 48;
	objects = {

/* Begin PBXBuildFile section */
		C7758BB3206034E7001CBF99 /* AppDelegate.swift in Sources */ = {isa = PBXBuildFile; fileRef = C7758BB2206034E7001CBF99 /* AppDelegate.swift */; };
		C7758BB5206034E7001CBF99 /* ViewController.swift in Sources */ = {isa = PBXBuildFile; fileRef = C7758BB4206034E7001CBF99 /* ViewController.swift */; };
		C7758BB8206034E7001CBF99 /* Main.storyboard in Resources */ = {isa = PBXBuildFile; fileRef = C7758BB6206034E7001CBF99 /* Main.storyboard */; };
		C7758BBA206034E7001CBF99 /* Assets.xcassets in Resources */ = {isa = PBXBuildFile; fileRef = C7758BB9206034E7001CBF99 /* Assets.xcassets */; };
		C7758BBD206034E7001CBF99 /* LaunchScreen.storyboard in Resources */ = {isa = PBXBuildFile; fileRef = C7758BBB206034E7001CBF99 /* LaunchScreen.storyboard */; };
		C7758BC52060360A001CBF99 /* GoogleService-Info.plist in Resources */ = {isa = PBXBuildFile; fileRef = C7758BC42060360A001CBF99 /* GoogleService-Info.plist */; };
		FB0A2226BDAFD46C4D919449 /* Pods_FirebaseLogin.framework in Frameworks */ = {isa = PBXBuildFile; fileRef = C214AE46353CD03B903DE219 /* Pods_FirebaseLogin.framework */; };
/* End PBXBuildFile section */

/* Begin PBXFileReference section */
		75F88A1DBD48563FE2A493C9 /* Pods-FirebaseLogin.debug.xcconfig */ = {isa = PBXFileReference; includeInIndex = 1; lastKnownFileType = text.xcconfig; name = "Pods-FirebaseLogin.debug.xcconfig"; path = "Pods/Target Support Files/Pods-FirebaseLogin/Pods-FirebaseLogin.debug.xcconfig"; sourceTree = "<group>"; };
		C214AE46353CD03B903DE219 /* Pods_FirebaseLogin.framework */ = {isa = PBXFileReference; explicitFileType = wrapper.framework; includeInIndex = 0; path = Pods_FirebaseLogin.framework; sourceTree = BUILT_PRODUCTS_DIR; };
		C7758BAF206034E7001CBF99 /* FirebaseLogin.app */ = {isa = PBXFileReference; explicitFileType = wrapper.application; includeInIndex = 0; path = FirebaseLogin.app; sourceTree = BUILT_PRODUCTS_DIR; };
		C7758BB2206034E7001CBF99 /* AppDelegate.swift */ = {isa = PBXFileReference; lastKnownFileType = sourcecode.swift; path = AppDelegate.swift; sourceTree = "<group>"; };
		C7758BB4206034E7001CBF99 /* ViewController.swift */ = {isa = PBXFileReference; lastKnownFileType = sourcecode.swift; path = ViewController.swift; sourceTree = "<group>"; };
		C7758BB7206034E7001CBF99 /* Base */ = {isa = PBXFileReference; lastKnownFileType = file.storyboard; name = Base; path = Base.lproj/Main.storyboard; sourceTree = "<group>"; };
		C7758BB9206034E7001CBF99 /* Assets.xcassets */ = {isa = PBXFileReference; lastKnownFileType = folder.assetcatalog; path = Assets.xcassets; sourceTree = "<group>"; };
		C7758BBC206034E7001CBF99 /* Base */ = {isa = PBXFileReference; lastKnownFileType = file.storyboard; name = Base; path = Base.lproj/LaunchScreen.storyboard; sourceTree = "<group>"; };
		C7758BBE206034E7001CBF99 /* Info.plist */ = {isa = PBXFileReference; lastKnownFileType = text.plist.xml; path = Info.plist; sourceTree = "<group>"; };
		C7758BC42060360A001CBF99 /* GoogleService-Info.plist */ = {isa = PBXFileReference; fileEncoding = 4; lastKnownFileType = text.plist.xml; path = "GoogleService-Info.plist"; sourceTree = SOURCE_ROOT; };
		CE2BF9C4A60B9FC60C1583C6 /* Pods-FirebaseLogin.release.xcconfig */ = {isa = PBXFileReference; includeInIndex = 1; lastKnownFileType = text.xcconfig; name = "Pods-FirebaseLogin.release.xcconfig"; path = "Pods/Target Support Files/Pods-FirebaseLogin/Pods-FirebaseLogin.release.xcconfig"; sourceTree = "<group>"; };
/* End PBXFileReference section */

/* Begin PBXFrameworksBuildPhase section */
		C7758BAC206034E7001CBF99 /* Frameworks */ = {
			isa = PBXFrameworksBuildPhase;
			buildActionMask = 2147483647;
			files = (
				FB0A2226BDAFD46C4D919449 /* Pods_FirebaseLogin.framework in Frameworks */,
			);
			runOnlyForDeploymentPostprocessing = 0;
		};
/* End PBXFrameworksBuildPhase section */

/* Begin PBXGroup section */
		23B38A73AA409D56FBF14BA8 /* Frameworks */ = {
			isa = PBXGroup;
			children = (
				C214AE46353CD03B903DE219 /* Pods_FirebaseLogin.framework */,
			);
			name = Frameworks;
			sourceTree = "<group>";
		};
		C7758BA6206034E7001CBF99 = {
			isa = PBXGroup;
			children = (
				C7758BB1206034E7001CBF99 /* FirebaseLogin */,
				C7758BB0206034E7001CBF99 /* Products */,
				F230FC4C2010B923F73918C2 /* Pods */,
				23B38A73AA409D56FBF14BA8 /* Frameworks */,
			);
			sourceTree = "<group>";
		};
		C7758BB0206034E7001CBF99 /* Products */ = {
			isa = PBXGroup;
			children = (
				C7758BAF206034E7001CBF99 /* FirebaseLogin.app */,
			);
			name = Products;
			sourceTree = "<group>";
		};
		C7758BB1206034E7001CBF99 /* FirebaseLogin */ = {
			isa = PBXGroup;
			children = (
				C7758BB2206034E7001CBF99 /* AppDelegate.swift */,
				C7758BB4206034E7001CBF99 /* ViewController.swift */,
				C7758BB6206034E7001CBF99 /* Main.storyboard */,
				C7758BB9206034E7001CBF99 /* Assets.xcassets */,
				C7758BBB206034E7001CBF99 /* LaunchScreen.storyboard */,
				C7758BC42060360A001CBF99 /* GoogleService-Info.plist */,
				C7758BBE206034E7001CBF99 /* Info.plist */,
			);
			path = FirebaseLogin;
			sourceTree = "<group>";
		};
		F230FC4C2010B923F73918C2 /* Pods */ = {
			isa = PBXGroup;
			children = (
				75F88A1DBD48563FE2A493C9 /* Pods-FirebaseLogin.debug.xcconfig */,
				CE2BF9C4A60B9FC60C1583C6 /* Pods-FirebaseLogin.release.xcconfig */,
			);
			name = Pods;
			sourceTree = "<group>";
		};
/* End PBXGroup section */

/* Begin PBXNativeTarget section */
		C7758BAE206034E7001CBF99 /* FirebaseLogin */ = {
			isa = PBXNativeTarget;
			buildConfigurationList = C7758BC1206034E7001CBF99 /* Build configuration list for PBXNativeTarget "FirebaseLogin" */;
			buildPhases = (
				795D2102BF600D7828467F74 /* [CP] Check Pods Manifest.lock */,
				C7758BAB206034E7001CBF99 /* Sources */,
				C7758BAC206034E7001CBF99 /* Frameworks */,
				C7758BAD206034E7001CBF99 /* Resources */,
				741ED9CE482F013640D1F4C9 /* [CP] Embed Pods Frameworks */,
				CC6C8719A838C08FD41798D4 /* [CP] Copy Pods Resources */,
			);
			buildRules = (
			);
			dependencies = (
			);
			name = FirebaseLogin;
			productName = FirebaseLogin;
			productReference = C7758BAF206034E7001CBF99 /* FirebaseLogin.app */;
			productType = "com.apple.product-type.application";
		};
/* End PBXNativeTarget section */

/* Begin PBXProject section */
		C7758BA7206034E7001CBF99 /* Project object */ = {
			isa = PBXProject;
			attributes = {
				LastSwiftUpdateCheck = 0920;
				LastUpgradeCheck = 0920;
				ORGANIZATIONNAME = "Adarsh Sinha";
				TargetAttributes = {
					C7758BAE206034E7001CBF99 = {
						CreatedOnToolsVersion = 9.2;
						ProvisioningStyle = Automatic;
					};
				};
			};
			buildConfigurationList = C7758BAA206034E7001CBF99 /* Build configuration list for PBXProject "FirebaseLogin" */;
			compatibilityVersion = "Xcode 8.0";
			developmentRegion = en;
			hasScannedForEncodings = 0;
			knownRegions = (
				en,
				Base,
			);
			mainGroup = C7758BA6206034E7001CBF99;
			productRefGroup = C7758BB0206034E7001CBF99 /* Products */;
			projectDirPath = "";
			projectRoot = "";
			targets = (
				C7758BAE206034E7001CBF99 /* FirebaseLogin */,
			);
		};
/* End PBXProject section */

/* Begin PBXResourcesBuildPhase section */
		C7758BAD206034E7001CBF99 /* Resources */ = {
			isa = PBXResourcesBuildPhase;
			buildActionMask = 2147483647;
			files = (
				C7758BBD206034E7001CBF99 /* LaunchScreen.storyboard in Resources */,
				C7758BC52060360A001CBF99 /* GoogleService-Info.plist in Resources */,
				C7758BBA206034E7001CBF99 /* Assets.xcassets in Resources */,
				C7758BB8206034E7001CBF99 /* Main.storyboard in Resources */,
			);
			runOnlyForDeploymentPostprocessing = 0;
		};
/* End PBXResourcesBuildPhase section */

/* Begin PBXShellScriptBuildPhase section */
		741ED9CE482F013640D1F4C9 /* [CP] Embed Pods Frameworks */ = {
			isa = PBXShellScriptBuildPhase;
			buildActionMask = 2147483647;
			files = (
			);
			inputPaths = (
			);
			name = "[CP] Embed Pods Frameworks";
			outputPaths = (
			);
			runOnlyForDeploymentPostprocessing = 0;
			shellPath = /bin/sh;
			shellScript = "\"${SRCROOT}/Pods/Target Support Files/Pods-FirebaseLogin/Pods-FirebaseLogin-frameworks.sh\"\n";
			showEnvVarsInLog = 0;
		};
		795D2102BF600D7828467F74 /* [CP] Check Pods Manifest.lock */ = {
			isa = PBXShellScriptBuildPhase;
			buildActionMask = 2147483647;
			files = (
			);
			inputPaths = (
			);
			name = "[CP] Check Pods Manifest.lock";
			outputPaths = (
			);
			runOnlyForDeploymentPostprocessing = 0;
			shellPath = /bin/sh;
			shellScript = "diff \"${PODS_PODFILE_DIR_PATH}/Podfile.lock\" \"${PODS_ROOT}/Manifest.lock\" > /dev/null\nif [ $? != 0 ] ; then\n    # print error to STDERR\n    echo \"error: The sandbox is not in sync with the Podfile.lock. Run 'pod install' or update your CocoaPods installation.\" >&2\n    exit 1\nfi\n";
			showEnvVarsInLog = 0;
		};
		CC6C8719A838C08FD41798D4 /* [CP] Copy Pods Resources */ = {
			isa = PBXShellScriptBuildPhase;
			buildActionMask = 2147483647;
			files = (
			);
			inputPaths = (
			);
			name = "[CP] Copy Pods Resources";
			outputPaths = (
			);
			runOnlyForDeploymentPostprocessing = 0;
			shellPath = /bin/sh;
			shellScript = "\"${SRCROOT}/Pods/Target Support Files/Pods-FirebaseLogin/Pods-FirebaseLogin-resources.sh\"\n";
			showEnvVarsInLog = 0;
		};
/* End PBXShellScriptBuildPhase section */

/* Begin PBXSourcesBuildPhase section */
		C7758BAB206034E7001CBF99 /* Sources */ = {
			isa = PBXSourcesBuildPhase;
			buildActionMask = 2147483647;
			files = (
				C7758BB5206034E7001CBF99 /* ViewController.swift in Sources */,
				C7758BB3206034E7001CBF99 /* AppDelegate.swift in Sources */,
			);
			runOnlyForDeploymentPostprocessing = 0;
		};
/* End PBXSourcesBuildPhase section */

/* Begin PBXVariantGroup section */
		C7758BB6206034E7001CBF99 /* Main.storyboard */ = {
			isa = PBXVariantGroup;
			children = (
				C7758BB7206034E7001CBF99 /* Base */,
			);
			name = Main.storyboard;
			sourceTree = "<group>";
		};
		C7758BBB206034E7001CBF99 /* LaunchScreen.storyboard */ = {
			isa = PBXVariantGroup;
			children = (
				C7758BBC206034E7001CBF99 /* Base */,
			);
			name = LaunchScreen.storyboard;
			sourceTree = "<group>";
		};
/* End PBXVariantGroup section */

/* Begin XCBuildConfiguration section */
		C7758BBF206034E7001CBF99 /* Debug */ = {
			isa = XCBuildConfiguration;
			buildSettings = {
				ALWAYS_SEARCH_USER_PATHS = NO;
				CLANG_ANALYZER_NONNULL = YES;
				CLANG_ANALYZER_NUMBER_OBJECT_CONVERSION = YES_AGGRESSIVE;
				CLANG_CXX_LANGUAGE_STANDARD = "gnu++14";
				CLANG_CXX_LIBRARY = "libc++";
				CLANG_ENABLE_MODULES = YES;
				CLANG_ENABLE_OBJC_ARC = YES;
				CLANG_WARN_BLOCK_CAPTURE_AUTORELEASING = YES;
				CLANG_WARN_BOOL_CONVERSION = YES;
				CLANG_WARN_COMMA = YES;
				CLANG_WARN_CONSTANT_CONVERSION = YES;
				CLANG_WARN_DIRECT_OBJC_ISA_USAGE = YES_ERROR;
				CLANG_WARN_DOCUMENTATION_COMMENTS = YES;
				CLANG_WARN_EMPTY_BODY = YES;
				CLANG_WARN_ENUM_CONVERSION = YES;
				CLANG_WARN_INFINITE_RECURSION = YES;
				CLANG_WARN_INT_CONVERSION = YES;
				CLANG_WARN_NON_LITERAL_NULL_CONVERSION = YES;
				CLANG_WARN_OBJC_LITERAL_CONVERSION = YES;
				CLANG_WARN_OBJC_ROOT_CLASS = YES_ERROR;
				CLANG_WARN_RANGE_LOOP_ANALYSIS = YES;
				CLANG_WARN_STRICT_PROTOTYPES = YES;
				CLANG_WARN_SUSPICIOUS_MOVE = YES;
				CLANG_WARN_UNGUARDED_AVAILABILITY = YES_AGGRESSIVE;
				CLANG_WARN_UNREACHABLE_CODE = YES;
				CLANG_WARN__DUPLICATE_METHOD_MATCH = YES;
				CODE_SIGN_IDENTITY = "iPhone Developer";
				COPY_PHASE_STRIP = NO;
				DEBUG_INFORMATION_FORMAT = dwarf;
				ENABLE_STRICT_OBJC_MSGSEND = YES;
				ENABLE_TESTABILITY = YES;
				GCC_C_LANGUAGE_STANDARD = gnu11;
				GCC_DYNAMIC_NO_PIC = NO;
				GCC_NO_COMMON_BLOCKS = YES;
				GCC_OPTIMIZATION_LEVEL = 0;
				GCC_PREPROCESSOR_DEFINITIONS = (
					"DEBUG=1",
					"$(inherited)",
				);
				GCC_WARN_64_TO_32_BIT_CONVERSION = YES;
				GCC_WARN_ABOUT_RETURN_TYPE = YES_ERROR;
				GCC_WARN_UNDECLARED_SELECTOR = YES;
				GCC_WARN_UNINITIALIZED_AUTOS = YES_AGGRESSIVE;
				GCC_WARN_UNUSED_FUNCTION = YES;
				GCC_WARN_UNUSED_VARIABLE = YES;
				IPHONEOS_DEPLOYMENT_TARGET = 11.2;
				MTL_ENABLE_DEBUG_INFO = YES;
				ONLY_ACTIVE_ARCH = YES;
				SDKROOT = iphoneos;
				SWIFT_ACTIVE_COMPILATION_CONDITIONS = DEBUG;
				SWIFT_OPTIMIZATION_LEVEL = "-Onone";
			};
			name = Debug;
		};
		C7758BC0206034E7001CBF99 /* Release */ = {
			isa = XCBuildConfiguration;
			buildSettings = {
				ALWAYS_SEARCH_USER_PATHS = NO;
				CLANG_ANALYZER_NONNULL = YES;
				CLANG_ANALYZER_NUMBER_OBJECT_CONVERSION = YES_AGGRESSIVE;
				CLANG_CXX_LANGUAGE_STANDARD = "gnu++14";
				CLANG_CXX_LIBRARY = "libc++";
				CLANG_ENABLE_MODULES = YES;
				CLANG_ENABLE_OBJC_ARC = YES;
				CLANG_WARN_BLOCK_CAPTURE_AUTORELEASING = YES;
				CLANG_WARN_BOOL_CONVERSION = YES;
				CLANG_WARN_COMMA = YES;
				CLANG_WARN_CONSTANT_CONVERSION = YES;
				CLANG_WARN_DIRECT_OBJC_ISA_USAGE = YES_ERROR;
				CLANG_WARN_DOCUMENTATION_COMMENTS = YES;
				CLANG_WARN_EMPTY_BODY = YES;
				CLANG_WARN_ENUM_CONVERSION = YES;
				CLANG_WARN_INFINITE_RECURSION = YES;
				CLANG_WARN_INT_CONVERSION = YES;
				CLANG_WARN_NON_LITERAL_NULL_CONVERSION = YES;
				CLANG_WARN_OBJC_LITERAL_CONVERSION = YES;
				CLANG_WARN_OBJC_ROOT_CLASS = YES_ERROR;
				CLANG_WARN_RANGE_LOOP_ANALYSIS = YES;
				CLANG_WARN_STRICT_PROTOTYPES = YES;
				CLANG_WARN_SUSPICIOUS_MOVE = YES;
				CLANG_WARN_UNGUARDED_AVAILABILITY = YES_AGGRESSIVE;
				CLANG_WARN_UNREACHABLE_CODE = YES;
				CLANG_WARN__DUPLICATE_METHOD_MATCH = YES;
				CODE_SIGN_IDENTITY = "iPhone Developer";
				COPY_PHASE_STRIP = NO;
				DEBUG_INFORMATION_FORMAT = "dwarf-with-dsym";
				ENABLE_NS_ASSERTIONS = NO;
				ENABLE_STRICT_OBJC_MSGSEND = YES;
				GCC_C_LANGUAGE_STANDARD = gnu11;
				GCC_NO_COMMON_BLOCKS = YES;
				GCC_WARN_64_TO_32_BIT_CONVERSION = YES;
				GCC_WARN_ABOUT_RETURN_TYPE = YES_ERROR;
				GCC_WARN_UNDECLARED_SELECTOR = YES;
				GCC_WARN_UNINITIALIZED_AUTOS = YES_AGGRESSIVE;
				GCC_WARN_UNUSED_FUNCTION = YES;
				GCC_WARN_UNUSED_VARIABLE = YES;
				IPHONEOS_DEPLOYMENT_TARGET = 11.2;
				MTL_ENABLE_DEBUG_INFO = NO;
				SDKROOT = iphoneos;
				SWIFT_OPTIMIZATION_LEVEL = "-Owholemodule";
				VALIDATE_PRODUCT = YES;
			};
			name = Release;
		};
		C7758BC2206034E7001CBF99 /* Debug */ = {
			isa = XCBuildConfiguration;
			baseConfigurationReference = 75F88A1DBD48563FE2A493C9 /* Pods-FirebaseLogin.debug.xcconfig */;
			buildSettings = {
				ASSETCATALOG_COMPILER_APPICON_NAME = AppIcon;
				CODE_SIGN_STYLE = Automatic;
				DEVELOPMENT_TEAM = 7HYZH59C93;
				INFOPLIST_FILE = FirebaseLogin/Info.plist;
				LD_RUNPATH_SEARCH_PATHS = "$(inherited) @executable_path/Frameworks";
				PRODUCT_BUNDLE_IDENTIFIER = com.AdarshSinha.FirebaseLogin;
				PRODUCT_NAME = "$(TARGET_NAME)";
				SWIFT_VERSION = 4.0;
				TARGETED_DEVICE_FAMILY = "1,2";
			};
			name = Debug;
		};
		C7758BC3206034E7001CBF99 /* Release */ = {
			isa = XCBuildConfiguration;
			baseConfigurationReference = CE2BF9C4A60B9FC60C1583C6 /* Pods-FirebaseLogin.release.xcconfig */;
			buildSettings = {
				ASSETCATALOG_COMPILER_APPICON_NAME = AppIcon;
				CODE_SIGN_STYLE = Automatic;
				DEVELOPMENT_TEAM = 7HYZH59C93;
				INFOPLIST_FILE = FirebaseLogin/Info.plist;
				LD_RUNPATH_SEARCH_PATHS = "$(inherited) @executable_path/Frameworks";
				PRODUCT_BUNDLE_IDENTIFIER = com.AdarshSinha.FirebaseLogin;
				PRODUCT_NAME = "$(TARGET_NAME)";
				SWIFT_VERSION = 4.0;
				TARGETED_DEVICE_FAMILY = "1,2";
			};
			name = Release;
		};
/* End XCBuildConfiguration section */

/* Begin XCConfigurationList section */
		C7758BAA206034E7001CBF99 /* Build configuration list for PBXProject "FirebaseLogin" */ = {
			isa = XCConfigurationList;
			buildConfigurations = (
				C7758BBF206034E7001CBF99 /* Debug */,
				C7758BC0206034E7001CBF99 /* Release */,
			);
			defaultConfigurationIsVisible = 0;
			defaultConfigurationName = Release;
		};
		C7758BC1206034E7001CBF99 /* Build configuration list for PBXNativeTarget "FirebaseLogin" */ = {
			isa = XCConfigurationList;
			buildConfigurations = (
				C7758BC2206034E7001CBF99 /* Debug */,
				C7758BC3206034E7001CBF99 /* Release */,
			);
			defaultConfigurationIsVisible = 0;
			defaultConfigurationName = Release;
		};
/* End XCConfigurationList section */
	};
	rootObject = C7758BA7206034E7001CBF99 /* Project object */;
}
